Load Testing Data Pipeline React Automation Quantum Computing Version Control Performance Artificial Intelligence Kafka CI/CD Success usually comes to those who are too busy to be looking for it. Load Balancing Stay hungry, stay foolish.
Algorithm Firewalls The only way to do great work is to love what you do. Database Indexing IoT Server Response
