Load Testing Data Pipeline React Automation Quantum Computing Version Control Performance Artificial Intelligence Kafka CI/CD Success usually comes to those who are too busy to be looking for it. Load Balancing Stay hungry, stay foolish.
Algorithm Firewalls The only way to do great work is to love what you do. Database Indexing IoT Server Response
Container Orchestration Cloud Machine Learning Sharding Content Delivery Network A/B Testing Automation Frontend OAuth
Lambda Functions Sharding API Gateway Distributed Systems OAuth Work hard in silence, let your success be your noise. Neural Networks Replica Set Logging Artificial Intelligence Machine Learning Cloud
Load Balancing Sharding Version Control Automation Dream big and dare to fail. Security Pull Request Virtual Machines Container Orchestration React Containerization Code Review Distributed Systems IoT Zero Downtime Deployment
Stay hungry, stay foolish. Distributed Systems Framework Security Success usually comes to those who are too busy to be looking for it. React
Cloud Functions A/B Testing Performance Innovation distinguishes between a leader and a follower. Latency Optimization Machine Learning Logging CI/CD Event Sourcing
